
Microsoft Visual Studio Solution File, Format Version 12.00
# Visual Studio 15
VisualStudioVersion = 15.0.28010.2026
MinimumVisualStudioVersion = 10.0.40219.1
Project("{FAE04EC0-301F-11D3-BF4B-00C04F79EFBC}") = "BoatBoat", "BoatBoat\BoatBoat.csproj", "{D7C1A35D-7FA4-407F-98CE-A0B887CD3C45}"
EndProject
Global
	GlobalSection(SolutionConfigurationPlatforms) = preSolution
		Debug|Any CPU = Debug|Any CPU
		Release|Any CPU = Release|Any CPU
	EndGlobalSection
	GlobalSection(ProjectConfigurationPlatforms) = postSolution
		{D7C1A35D-7FA4-407F-98CE-A0B887CD3C45}.Debug|Any CPU.ActiveCfg = Debug|Any CPU
		{D7C1A35D-7FA4-407F-98CE-A0B887CD3C45}.Debug|Any CPU.Build.0 = Debug|Any CPU
		{D7C1A35D-7FA4-407F-98CE-A0B887CD3C45}.Release|Any CPU.ActiveCfg = Release|Any CPU
		{D7C1A35D-7FA4-407F-98CE-A0B887CD3C45}.Release|Any CPU.Build.0 = Release|Any CPU
	EndGlobalSection
	GlobalSection(SolutionProperties) = preSolution
		HideSolutionNode = FALSE
	EndGlobalSection
	GlobalSection(ExtensibilityGlobals) = postSolution
		SolutionGuid = {05BA4980-86A4-4154-9560-36946B28CDEB}
	EndGlobalSection
EndGlobal
